{
  "name": "@guimabdo/webtyped-fetch",
  "version": "0.0.0",
  "lockfileVersion": 1,
  "requires": true,
  "dependencies": {
    "@guimabdo/webtyped-common": {
      "version": "0.28.0",
      "resolved": "https://registry.npmjs.org/@guimabdo/webtyped-common/-/webtyped-common-0.28.0.tgz",
      "integrity": "sha512-JjLDKJ32HwI9dGGCHt92PHfJCUz8FNER9hLYvFvZ5o3ASRieg7KLVdBaLDnHCTVD8M8F0+85ptCDVrTSVv/bdg==",
      "dev": true
    },
    "@types/jquery-param": {
      "version": "1.0.2",
      "resolved": "https://registry.npmjs.org/@types/jquery-param/-/jquery-param-1.0.2.tgz",
      "integrity": "sha512-2QDE38MQ/sD0emCkAE8FmSbKLAcunEz8JYJhXY/rqT7rfUplqiIpCiPGfcsns5Y+lVK2EYEayP72VZN4IDegUg==",
      "dev": true
    },
    "@types/node": {
      "version": "10.5.5",
      "resolved": "https://registry.npmjs.org/@types/node/-/node-10.5.5.tgz",
      "integrity": "sha512-6Qnb1gXbp3g1JX9QVJj3A6ORzc9XCyhokxUKaoonHgNXcQhmk8adhotxfkeK8El9TnFeUuH72yI6jQ5nDJKS6w==",
      "dev": true
    },
    "jquery-param": {
      "version": "0.2.0",
      "resolved": "https://registry.npmjs.org/jquery-param/-/jquery-param-0.2.0.tgz",
      "integrity": "sha1-VdqBMEKMUJgOtRZJHBt3zHjw3LE="
    },
    "typescript": {
      "version": "3.0.1",
      "resolved": "https://registry.npmjs.org/typescript/-/typescript-3.0.1.tgz",
      "integrity": "sha512-zQIMOmC+372pC/CCVLqnQ0zSBiY7HHodU7mpQdjiZddek4GMj31I3dUJ7gAs9o65X7mnRma6OokOkc6f9jjfBg==",
      "dev": true
    }
  }
}
