{
  "name": "WebTyped_Global_Dev",
  "version": "0.0.0",
  "lockfileVersion": 1,
  "requires": true,
  "dependencies": {
    "@guimabdo/webtyped-common": {
      "version": "file:src/WebTyped.Npm/common",
      "dev": true
    },
    "@types/jquery": {
      "version": "3.2.16",
      "resolved": "https://registry.npmjs.org/@types/jquery/-/jquery-3.2.16.tgz",
      "integrity": "sha512-q2WC02YxQoX2nY1HRKlYGHpGP1saPmD7GN0pwCDlTz35a4eOtJG+aHRlXyjCuXokUukSrR2aXyBhSW3j+jPc0A==",
      "dev": true
    },
    "jquery": {
      "version": "3.2.1",
      "resolved": "https://registry.npmjs.org/jquery/-/jquery-3.2.1.tgz",
      "integrity": "sha1-XE2d5lKvbNCncBVKYxu6ErAVx4c=",
      "dev": true
    },
    "typescript": {
      "version": "2.9.2",
      "resolved": "https://registry.npmjs.org/typescript/-/typescript-2.9.2.tgz",
      "integrity": "sha512-Gr4p6nFNaoufRIY4NMdpQRNmgxVIGMs4Fcu/ujdYk3nAZqk7supzBE9idmvfZIlH/Cuj//dvi+019qEue9lV0w==",
      "dev": true
    },
    "zone.js": {
      "version": "0.8.26",
      "resolved": "https://registry.npmjs.org/zone.js/-/zone.js-0.8.26.tgz",
      "integrity": "sha512-W9Nj+UmBJG251wkCacIkETgra4QgBo/vgoEkb4a2uoLzpQG7qF9nzwoLXWU5xj3Fg2mxGvEDh47mg24vXccYjA==",
      "dev": true
    }
  }
}
