
Microsoft Visual Studio Solution File, Format Version 12.00
# Visual Studio 15
VisualStudioVersion = 15.0.27130.2003
MinimumVisualStudioVersion = 10.0.40219.1
Project("{2150E333-8FDC-42A3-9474-1A3956D46DE8}") = "src", "src", "{0F795EB6-F930-42A6-A16F-5297AEBE91CB}"
EndProject
Project("{2150E333-8FDC-42A3-9474-1A3956D46DE8}") = "test", "test", "{FE7DC3EF-7264-42F4-A942-5B034CE55658}"
EndProject
Project("{9A19103F-16F7-4668-BE54-9A1E7A4F7556}") = "WebTyped", "src\WebTyped\WebTyped.csproj", "{53050F42-968B-4520-8C61-8269E9CF6D68}"
EndProject
Project("{9A19103F-16F7-4668-BE54-9A1E7A4F7556}") = "WebTyped.Tests", "test\WebTyped.Tests\WebTyped.Tests.csproj", "{EA06D8F0-0C4D-4072-A75F-158FEA23930E}"
EndProject
Project("{2150E333-8FDC-42A3-9474-1A3956D46DE8}") = "global", "global", "{C80BA096-A257-4256-8583-447B677CE88E}"
	ProjectSection(SolutionItems) = preProject
		appveyor.yml = appveyor.yml
	EndProjectSection
EndProject
Project("{9A19103F-16F7-4668-BE54-9A1E7A4F7556}") = "WebTyped.Npm", "src\WebTyped.Npm\WebTyped.Npm.csproj", "{12971191-24F8-4D37-AF11-CF5A1D339B0C}"
EndProject
Project("{9A19103F-16F7-4668-BE54-9A1E7A4F7556}") = "WebTyped.Annotations", "src\WebTyped.Annotations\WebTyped.Annotations.csproj", "{F4E47D05-8C52-4ED8-92C0-0C7CEAD1BBA4}"
EndProject
Project("{9A19103F-16F7-4668-BE54-9A1E7A4F7556}") = "WebTyped.Cli", "src\WebTyped.Cli\WebTyped.Cli.csproj", "{6C735B44-60C3-4DDA-B308-623DA36E4A35}"
EndProject
Project("{FAE04EC0-301F-11D3-BF4B-00C04F79EFBC}") = "WebTyped.Functions", "WebTyped.Functions\WebTyped.Functions.csproj", "{FFDF857A-B7A7-4BAB-85C7-7F025843C184}"
EndProject
Global
	GlobalSection(SolutionConfigurationPlatforms) = preSolution
		Debug|Any CPU = Debug|Any CPU
		Release|Any CPU = Release|Any CPU
	EndGlobalSection
	GlobalSection(ProjectConfigurationPlatforms) = postSolution
		{53050F42-968B-4520-8C61-8269E9CF6D68}.Debug|Any CPU.ActiveCfg = Debug|Any CPU
		{53050F42-968B-4520-8C61-8269E9CF6D68}.Debug|Any CPU.Build.0 = Debug|Any CPU
		{53050F42-968B-4520-8C61-8269E9CF6D68}.Release|Any CPU.ActiveCfg = Release|Any CPU
		{53050F42-968B-4520-8C61-8269E9CF6D68}.Release|Any CPU.Build.0 = Release|Any CPU
		{EA06D8F0-0C4D-4072-A75F-158FEA23930E}.Debug|Any CPU.ActiveCfg = Debug|Any CPU
		{EA06D8F0-0C4D-4072-A75F-158FEA23930E}.Debug|Any CPU.Build.0 = Debug|Any CPU
		{EA06D8F0-0C4D-4072-A75F-158FEA23930E}.Release|Any CPU.ActiveCfg = Release|Any CPU
		{EA06D8F0-0C4D-4072-A75F-158FEA23930E}.Release|Any CPU.Build.0 = Release|Any CPU
		{12971191-24F8-4D37-AF11-CF5A1D339B0C}.Debug|Any CPU.ActiveCfg = Debug|Any CPU
		{12971191-24F8-4D37-AF11-CF5A1D339B0C}.Debug|Any CPU.Build.0 = Debug|Any CPU
		{12971191-24F8-4D37-AF11-CF5A1D339B0C}.Release|Any CPU.ActiveCfg = Release|Any CPU
		{12971191-24F8-4D37-AF11-CF5A1D339B0C}.Release|Any CPU.Build.0 = Release|Any CPU
		{F4E47D05-8C52-4ED8-92C0-0C7CEAD1BBA4}.Debug|Any CPU.ActiveCfg = Debug|Any CPU
		{F4E47D05-8C52-4ED8-92C0-0C7CEAD1BBA4}.Debug|Any CPU.Build.0 = Debug|Any CPU
		{F4E47D05-8C52-4ED8-92C0-0C7CEAD1BBA4}.Release|Any CPU.ActiveCfg = Release|Any CPU
		{F4E47D05-8C52-4ED8-92C0-0C7CEAD1BBA4}.Release|Any CPU.Build.0 = Release|Any CPU
		{6C735B44-60C3-4DDA-B308-623DA36E4A35}.Debug|Any CPU.ActiveCfg = Debug|Any CPU
		{6C735B44-60C3-4DDA-B308-623DA36E4A35}.Debug|Any CPU.Build.0 = Debug|Any CPU
		{6C735B44-60C3-4DDA-B308-623DA36E4A35}.Release|Any CPU.ActiveCfg = Release|Any CPU
		{6C735B44-60C3-4DDA-B308-623DA36E4A35}.Release|Any CPU.Build.0 = Release|Any CPU
		{FFDF857A-B7A7-4BAB-85C7-7F025843C184}.Debug|Any CPU.ActiveCfg = Debug|Any CPU
		{FFDF857A-B7A7-4BAB-85C7-7F025843C184}.Debug|Any CPU.Build.0 = Debug|Any CPU
		{FFDF857A-B7A7-4BAB-85C7-7F025843C184}.Release|Any CPU.ActiveCfg = Release|Any CPU
		{FFDF857A-B7A7-4BAB-85C7-7F025843C184}.Release|Any CPU.Build.0 = Release|Any CPU
	EndGlobalSection
	GlobalSection(SolutionProperties) = preSolution
		HideSolutionNode = FALSE
	EndGlobalSection
	GlobalSection(NestedProjects) = preSolution
		{53050F42-968B-4520-8C61-8269E9CF6D68} = {0F795EB6-F930-42A6-A16F-5297AEBE91CB}
		{EA06D8F0-0C4D-4072-A75F-158FEA23930E} = {FE7DC3EF-7264-42F4-A942-5B034CE55658}
		{12971191-24F8-4D37-AF11-CF5A1D339B0C} = {0F795EB6-F930-42A6-A16F-5297AEBE91CB}
		{F4E47D05-8C52-4ED8-92C0-0C7CEAD1BBA4} = {0F795EB6-F930-42A6-A16F-5297AEBE91CB}
		{6C735B44-60C3-4DDA-B308-623DA36E4A35} = {0F795EB6-F930-42A6-A16F-5297AEBE91CB}
		{FFDF857A-B7A7-4BAB-85C7-7F025843C184} = {0F795EB6-F930-42A6-A16F-5297AEBE91CB}
	EndGlobalSection
	GlobalSection(ExtensibilityGlobals) = postSolution
		SolutionGuid = {9B562F8C-30E8-4449-87E2-2CC1A712FF43}
	EndGlobalSection
EndGlobal
