{
	"name": "@guimabdo/webtyped-angular4",
	"version": "0.0.0",
	"lockfileVersion": 1,
	"requires": true,
	"dependencies": {
		"@angular/common": {
			"version": "4.3.0",
			"resolved": "https://registry.npmjs.org/@angular/common/-/common-4.3.0.tgz",
			"integrity": "sha1-E6VKaSndUvlymxauRG+tWP4WMFM=",
			"dev": true,
			"requires": {
				"tslib": "1.9.3"
			}
		},
		"@angular/core": {
			"version": "4.3.0",
			"resolved": "https://registry.npmjs.org/@angular/core/-/core-4.3.0.tgz",
			"integrity": "sha1-vSJJw94SJKfGU2xKunKNZWUykzQ=",
			"dev": true,
			"requires": {
				"tslib": "1.9.3"
			}
		},
		"rxjs": {
			"version": "5.0.1",
			"resolved": "https://registry.npmjs.org/rxjs/-/rxjs-5.0.1.tgz",
			"integrity": "sha1-Omm9+fDKCphjAzcNRwj3K9+sg1Y=",
			"dev": true,
			"requires": {
				"symbol-observable": "1.2.0"
			}
		},
		"symbol-observable": {
			"version": "1.2.0",
			"resolved": "https://registry.npmjs.org/symbol-observable/-/symbol-observable-1.2.0.tgz",
			"integrity": "sha512-e900nM8RRtGhlV36KGEU9k65K3mPb1WV70OdjfxlG2EAuM1noi/E/BaW/uMhL7bPEssK8QV57vN3esixjUvcXQ==",
			"dev": true
		},
		"tslib": {
			"version": "1.9.3",
			"resolved": "https://registry.npmjs.org/tslib/-/tslib-1.9.3.tgz",
			"integrity": "sha512-4krF8scpejhaOgqzBEcGM7yDIEfi0/8+8zDRZhNZZ2kjmHJ4hv3zCbQWxoJGz1iw5U0Jl0nma13xzHXcncMavQ==",
			"dev": true
		}
	}
}
