{
  "name": "@guimabdo/webtyped-jquery",
  "version": "0.0.0",
  "lockfileVersion": 1,
  "requires": true,
  "dependencies": {
    "@guimabdo/webtyped-common": {
      "version": "0.18.7",
      "resolved": "https://registry.npmjs.org/@guimabdo/webtyped-common/-/webtyped-common-0.18.7.tgz",
      "integrity": "sha512-lQwWOS5M+rZe2jGjx3sK6WhMhrQarzRdFY9od9pt3h3hO4OgVzBQa3lgmP7Y4E4rgaHNZ/FXGbGD/WhzeXZ6Og=="
    }
  }
}
