{
  "name": "@guimabdo/webtyped-jquery",
  "version": "0.0.0",
  "lockfileVersion": 1,
  "requires": true,
  "dependencies": {
    "@guimabdo/webtyped-common": {
      "version": "0.17.31",
      "resolved": "https://registry.npmjs.org/@guimabdo/webtyped-common/-/webtyped-common-0.17.31.tgz",
      "integrity": "sha512-D2mplj4u3JXMA8UbAWtbSw+JlhA7YYPsHBmrdJKJMun7cYQEzb2Dt/org+D+H1A39446rveyGCjEado0LvQGLA=="
    }
  }
}
