{
  "name": "@guimabdo/webtyped-angular",
  "version": "0.0.0",
  "lockfileVersion": 1,
  "requires": true,
  "dependencies": {
    "@angular/common": {
      "version": "6.0.0",
      "resolved": "https://registry.npmjs.org/@angular/common/-/common-6.0.0.tgz",
      "integrity": "sha512-oo/KESihAZo0FsZPHthO9PYhanN4Q+Lo7Lb2HNbWnD+xRIPa1yFC12JOWiD+SPPfFGWMI6aW3wAlcoej1+QKSw==",
      "dev": true,
      "requires": {
        "tslib": "^1.9.0"
      }
    },
    "@angular/core": {
      "version": "6.0.0",
      "resolved": "https://registry.npmjs.org/@angular/core/-/core-6.0.0.tgz",
      "integrity": "sha512-52X2ZKXOoaMRYaC/ycHePTkXuwku8qJFxoEXAFBItAkk9rebLU4CD8Fx1Z9vUd8aWu1uFfLTxqkgE0mUyBANZw==",
      "dev": true,
      "requires": {
        "tslib": "^1.9.0"
      }
    },
    "@guimabdo/webtyped-common": {
      "version": "0.29.0-dev.158",
      "resolved": "https://registry.npmjs.org/@guimabdo/webtyped-common/-/webtyped-common-0.29.0-dev.158.tgz",
      "integrity": "sha512-T2dAnqEshy7VqAShEe8BCRXzcwiqmfgKcESS5zagMRweuo7vSpyp2qQT/Zb6B6JucWHgimcn3/QhiOaQqaWvww==",
      "dev": true
    },
    "rxjs": {
      "version": "6.0.0",
      "resolved": "https://registry.npmjs.org/rxjs/-/rxjs-6.0.0.tgz",
      "integrity": "sha512-2MgLQr1zvks8+Kip4T6hcJdiBhV+SIvxguoWjhwtSpNPTp/5e09HJbgclCwR/nW0yWzhubM+6Q0prl8G5RuoBA==",
      "dev": true,
      "requires": {
        "tslib": "^1.9.0"
      }
    },
    "tslib": {
      "version": "1.9.3",
      "resolved": "https://registry.npmjs.org/tslib/-/tslib-1.9.3.tgz",
      "integrity": "sha512-4krF8scpejhaOgqzBEcGM7yDIEfi0/8+8zDRZhNZZ2kjmHJ4hv3zCbQWxoJGz1iw5U0Jl0nma13xzHXcncMavQ==",
      "dev": true
    },
    "typescript": {
      "version": "3.0.1",
      "resolved": "https://registry.npmjs.org/typescript/-/typescript-3.0.1.tgz",
      "integrity": "sha512-zQIMOmC+372pC/CCVLqnQ0zSBiY7HHodU7mpQdjiZddek4GMj31I3dUJ7gAs9o65X7mnRma6OokOkc6f9jjfBg==",
      "dev": true
    }
  }
}
