{
  "name": "asp.net",
  "version": "1.0.0",
  "lockfileVersion": 1,
  "requires": true,
  "dependencies": {
    "@angular/core": {
      "version": "4.4.4",
      "resolved": "https://registry.npmjs.org/@angular/core/-/core-4.4.4.tgz",
      "integrity": "sha1-vTfs9UFY+XSJmWyThr0iL4CjL1w=",
      "dev": true,
      "requires": {
        "tslib": "1.7.1"
      }
    },
    "@angular/http": {
      "version": "4.4.4",
      "resolved": "https://registry.npmjs.org/@angular/http/-/http-4.4.4.tgz",
      "integrity": "sha1-Zn+vYWu2JBaOr65u6S5euiOp0fI=",
      "dev": true,
      "requires": {
        "tslib": "1.7.1"
      }
    },
    "@guimabdo/webtyped-angular": {
      "version": "0.2.0",
      "resolved": "https://registry.npmjs.org/@guimabdo/webtyped-angular/-/webtyped-angular-0.2.0.tgz",
      "integrity": "sha512-5o/mIo3kg/rJCy5Kd+NCmEMomiEiZ8moVnGE8QxsXgmMG2JMqMf1vJXh1wyiL/xqtX1Xwb1yOeQeAxOHrD2MMw==",
      "dev": true
    },
    "@guimabdo/webtyped-common": {
      "version": "0.2.0",
      "resolved": "https://registry.npmjs.org/@guimabdo/webtyped-common/-/webtyped-common-0.2.0.tgz",
      "integrity": "sha512-YCbAkeQoXUz0cRbEUqZVOm7ZGpTrEgZ5FQ5zGximSAUmqLXy1f35+wr1/t0nEUwXAEvFr2E8y6rGWDq4iKxQkw==",
      "dev": true
    },
    "tslib": {
      "version": "1.7.1",
      "resolved": "https://registry.npmjs.org/tslib/-/tslib-1.7.1.tgz",
      "integrity": "sha1-vIAEFkaRkjp5/oN4u+s9ogF1OOw=",
      "dev": true
    }
  }
}
